{
  "name": "mingu",
  "lockfileVersion": 3,
  "requires": true,
  "packages": {
    "": {
      "dependencies": {
        "get-src": "^1.0.1"
      }
    },
    "node_modules/get-src": {
      "version": "1.0.1",
      "resolved": "https://registry.npmjs.org/get-src/-/get-src-1.0.1.tgz",
      "integrity": "sha512-fwaOEu3rOB1tBwbQGp1g3IJSgNFCYLxEivr3j6YaDQFVgALOiB3AXlXtMewycWKPeLq03x+0ShQY+wm87cP1BQ==",
      "engines": {
        "node": ">=4"
      }
    }
  }
}
