# THIS IS AN AUTOGENERATED FILE. DO NOT EDIT THIS FILE DIRECTLY.
# yarn lockfile v1


get-src@^1.0.1:
  version "1.0.1"
  resolved "https://registry.yarnpkg.com/get-src/-/get-src-1.0.1.tgz#ca11dbe4a93c7f3aa85cec95fcb0b2dfaa9539ee"
  integrity sha512-fwaOEu3rOB1tBwbQGp1g3IJSgNFCYLxEivr3j6YaDQFVgALOiB3AXlXtMewycWKPeLq03x+0ShQY+wm87cP1BQ==
